{
  "requires": true,
  "lockfileVersion": 1,
  "dependencies": {
    "vee-validate": {
      "version": "3.4.11",
      "resolved": "https://registry.npmjs.org/vee-validate/-/vee-validate-3.4.11.tgz",
      "integrity": "sha512-508zDZkxqzlXgOo3Rb+djjA1HxQjkUJzM2FKzxWIiwlarzYPb3J9seMifJZ+AfaWXraErZ+L0/6ncUBP7MYx2A=="
    }
  }
}
